# THIS IS AN AUTOGENERATED FILE. DO NOT EDIT THIS FILE DIRECTLY.
# yarn lockfile v1


"@types/express-serve-static-core@*":
  version "4.0.53"
  resolved "https://accolade.jfrog.io/accolade/api/npm/npm-virtual/@types/express-serve-static-core/-/express-serve-static-core-4.0.53.tgz#1723a35d1447f2c55e13c8721eab3448e42f4d82"
  dependencies:
    "@types/node" "*"

"@types/express-session@^1.15.3":
  version "1.15.3"
  resolved "https://accolade.jfrog.io/accolade/api/npm/npm-virtual/@types/express-session/-/express-session-1.15.3.tgz#39b6995393832284a1f368f4f1ae48acaab2aac9"
  dependencies:
    "@types/express" "*"
    "@types/node" "*"

"@types/express@*":
  version "4.0.37"
  resolved "https://accolade.jfrog.io/accolade/api/npm/npm-virtual/@types/express/-/express-4.0.37.tgz#625ac3765169676e01897ca47011c26375784971"
  dependencies:
    "@types/express-serve-static-core" "*"
    "@types/serve-static" "*"

"@types/mime@*":
  version "2.0.0"
  resolved "https://accolade.jfrog.io/accolade/api/npm/npm-virtual/@types/mime/-/mime-2.0.0.tgz#5a7306e367c539b9f6543499de8dd519fac37a8b"

"@types/node@*":
  version "8.0.33"
  resolved "https://accolade.jfrog.io/accolade/api/npm/npm-virtual/@types/node/-/node-8.0.33.tgz#1126e94374014e54478092830704f6ea89df04cd"

"@types/passport@0.3.4":
  version "0.3.4"
  resolved "https://accolade.jfrog.io/accolade/api/npm/npm-virtual/@types/passport/-/passport-0.3.4.tgz#82929c7427091ba73273fcb963fdef8056bddbe7"
  dependencies:
    "@types/express" "*"

"@types/serve-static@*":
  version "1.7.32"
  resolved "https://accolade.jfrog.io/accolade/api/npm/npm-virtual/@types/serve-static/-/serve-static-1.7.32.tgz#0f6732e4dab0813771dd8fc8fe14940f34728b4c"
  dependencies:
    "@types/express-serve-static-core" "*"
    "@types/mime" "*"

assertion-error@1.0.0:
  version "1.0.0"
  resolved "https://accolade.jfrog.io/accolade/api/npm/npm-virtual/assertion-error/-/assertion-error-1.0.0.tgz#c7f85438fdd466bc7ca16ab90c81513797a5d23b"

chai@1.x.x:
  version "1.10.0"
  resolved "https://accolade.jfrog.io/accolade/api/npm/npm-virtual/chai/-/chai-1.10.0.tgz#e4031cc87654461a75943e5a35ab46eaf39c1eb9"
  dependencies:
    assertion-error "1.0.0"
    deep-eql "0.1.3"

commander@0.6.1:
  version "0.6.1"
  resolved "https://accolade.jfrog.io/accolade/api/npm/npm-virtual/commander/-/commander-0.6.1.tgz#fa68a14f6a945d54dbbe50d8cdb3320e9e3b1a06"

commander@2.3.0:
  version "2.3.0"
  resolved "https://accolade.jfrog.io/accolade/api/npm/npm-virtual/commander/-/commander-2.3.0.tgz#fd430e889832ec353b9acd1de217c11cb3eef873"

debug@2.0.0:
  version "2.0.0"
  resolved "https://accolade.jfrog.io/accolade/api/npm/npm-virtual/debug/-/debug-2.0.0.tgz#89bd9df6732b51256bc6705342bba02ed12131ef"
  dependencies:
    ms "0.6.2"

deep-eql@0.1.3:
  version "0.1.3"
  resolved "https://accolade.jfrog.io/accolade/api/npm/npm-virtual/deep-eql/-/deep-eql-0.1.3.tgz#ef558acab8de25206cd713906d74e56930eb69f2"
  dependencies:
    type-detect "0.1.1"

diff@1.0.8:
  version "1.0.8"
  resolved "https://accolade.jfrog.io/accolade/api/npm/npm-virtual/diff/-/diff-1.0.8.tgz#343276308ec991b7bc82267ed55bc1411f971666"

escape-string-regexp@1.0.2:
  version "1.0.2"
  resolved "https://accolade.jfrog.io/accolade/api/npm/npm-virtual/escape-string-regexp/-/escape-string-regexp-1.0.2.tgz#4dbc2fe674e71949caf3fb2695ce7f2dc1d9a8d1"

glob@3.2.3:
  version "3.2.3"
  resolved "https://accolade.jfrog.io/accolade/api/npm/npm-virtual/glob/-/glob-3.2.3.tgz#e313eeb249c7affaa5c475286b0e115b59839467"
  dependencies:
    graceful-fs "~2.0.0"
    inherits "2"
    minimatch "~0.2.11"

graceful-fs@~2.0.0:
  version "2.0.3"
  resolved "https://accolade.jfrog.io/accolade/api/npm/npm-virtual/graceful-fs/-/graceful-fs-2.0.3.tgz#7cd2cdb228a4a3f36e95efa6cc142de7d1a136d0"

growl@1.8.1:
  version "1.8.1"
  resolved "https://accolade.jfrog.io/accolade/api/npm/npm-virtual/growl/-/growl-1.8.1.tgz#4b2dec8d907e93db336624dcec0183502f8c9428"

inherits@2:
  version "2.0.3"
  resolved "https://accolade.jfrog.io/accolade/api/npm/npm-virtual/inherits/-/inherits-2.0.3.tgz#633c2c83e3da42a502f52466022480f4208261de"

jade@0.26.3:
  version "0.26.3"
  resolved "https://accolade.jfrog.io/accolade/api/npm/npm-virtual/jade/-/jade-0.26.3.tgz#8f10d7977d8d79f2f6ff862a81b0513ccb25686c"
  dependencies:
    commander "0.6.1"
    mkdirp "0.3.0"

lru-cache@2:
  version "2.7.3"
  resolved "https://accolade.jfrog.io/accolade/api/npm/npm-virtual/lru-cache/-/lru-cache-2.7.3.tgz#6d4524e8b955f95d4f5b58851ce21dd72fb4e952"

minimatch@~0.2.11:
  version "0.2.14"
  resolved "https://accolade.jfrog.io/accolade/api/npm/npm-virtual/minimatch/-/minimatch-0.2.14.tgz#c74e780574f63c6f9a090e90efbe6ef53a6a756a"
  dependencies:
    lru-cache "2"
    sigmund "~1.0.0"

minimist@0.0.8:
  version "0.0.8"
  resolved "https://accolade.jfrog.io/accolade/api/npm/npm-virtual/minimist/-/minimist-0.0.8.tgz#857fcabfc3397d2625b8228262e86aa7a011b05d"

mkdirp@0.3.0:
  version "0.3.0"
  resolved "https://accolade.jfrog.io/accolade/api/npm/npm-virtual/mkdirp/-/mkdirp-0.3.0.tgz#1bbf5ab1ba827af23575143490426455f481fe1e"

mkdirp@0.5.0:
  version "0.5.0"
  resolved "https://accolade.jfrog.io/accolade/api/npm/npm-virtual/mkdirp/-/mkdirp-0.5.0.tgz#1d73076a6df986cd9344e15e71fcc05a4c9abf12"
  dependencies:
    minimist "0.0.8"

mocha@1.x.x:
  version "1.21.5"
  resolved "https://accolade.jfrog.io/accolade/api/npm/npm-virtual/mocha/-/mocha-1.21.5.tgz#7c58b09174df976e434a23b1e8d639873fc529e9"
  dependencies:
    commander "2.3.0"
    debug "2.0.0"
    diff "1.0.8"
    escape-string-regexp "1.0.2"
    glob "3.2.3"
    growl "1.8.1"
    jade "0.26.3"
    mkdirp "0.5.0"

ms@0.6.2:
  version "0.6.2"
  resolved "https://accolade.jfrog.io/accolade/api/npm/npm-virtual/ms/-/ms-0.6.2.tgz#d89c2124c6fdc1353d65a8b77bf1aac4b193708c"

oauth@0.9.x:
  version "0.9.15"
  resolved "https://accolade.jfrog.io/accolade/api/npm/npm-virtual/oauth/-/oauth-0.9.15.tgz#bd1fefaf686c96b75475aed5196412ff60cfb9c1"

passport-strategy@1.x.x:
  version "1.0.0"
  resolved "https://accolade.jfrog.io/accolade/api/npm/npm-virtual/passport-strategy/-/passport-strategy-1.0.0.tgz#b5539aa8fc225a3d1ad179476ddf236b440f52e4"

passport@0.4.0:
  version "0.4.0"
  resolved "https://accolade.jfrog.io/accolade/api/npm/npm-virtual/passport/-/passport-0.4.0.tgz#c5095691347bd5ad3b5e180238c3914d16f05811"
  dependencies:
    passport-strategy "1.x.x"
    pause "0.0.1"

pause@0.0.1:
  version "0.0.1"
  resolved "https://accolade.jfrog.io/accolade/api/npm/npm-virtual/pause/-/pause-0.0.1.tgz#1d408b3fdb76923b9543d96fb4c9dfd535d9cb5d"

sax@>=0.1.1:
  version "1.2.2"
  resolved "https://accolade.jfrog.io/accolade/api/npm/npm-virtual/sax/-/sax-1.2.2.tgz#fd8631a23bc7826bef5d871bdb87378c95647828"

sigmund@~1.0.0:
  version "1.0.1"
  resolved "https://accolade.jfrog.io/accolade/api/npm/npm-virtual/sigmund/-/sigmund-1.0.1.tgz#3ff21f198cad2175f9f3b781853fd94d0d19b590"

step@0.0.x:
  version "0.0.6"
  resolved "https://accolade.jfrog.io/accolade/api/npm/npm-virtual/step/-/step-0.0.6.tgz#143e7849a5d7d3f4a088fe29af94915216eeede2"

type-detect@0.1.1:
  version "0.1.1"
  resolved "https://accolade.jfrog.io/accolade/api/npm/npm-virtual/type-detect/-/type-detect-0.1.1.tgz#0ba5ec2a885640e470ea4e8505971900dac58822"

webfinger@0.3.x:
  version "0.3.2"
  resolved "https://accolade.jfrog.io/accolade/api/npm/npm-virtual/webfinger/-/webfinger-0.3.2.tgz#e602a0fa2034badc13ab44cbaffdfe1ae9b89b2f"
  dependencies:
    step "0.0.x"
    xml2js "0.1.x"

xml2js@0.1.x:
  version "0.1.14"
  resolved "https://accolade.jfrog.io/accolade/api/npm/npm-virtual/xml2js/-/xml2js-0.1.14.tgz#5274e67f5a64c5f92974cd85139e0332adc6b90c"
  dependencies:
    sax ">=0.1.1"
